// !$*UTF8*$!
{
	archiveVersion = 1;
	classes = {
	};
	objectVersion = 50;
	objects = {

/* Begin PBXBuildFile section */
		2222B427254CF35B006A067C /* LargeDogCard.swift in Sources */ = {isa = PBXBuildFile; fileRef = 2222B426254CF35B006A067C /* LargeDogCard.swift */; };
		2222B42B254CF3C0006A067C /* CardModifier.swift in Sources */ = {isa = PBXBuildFile; fileRef = 2222B42A254CF3C0006A067C /* CardModifier.swift */; };
		2222B42F254CF3DC006A067C /* DetailedView.swift in Sources */ = {isa = PBXBuildFile; fileRef = 2222B42E254CF3DC006A067C /* DetailedView.swift */; };
		2222B433254CF434006A067C /* SmallDogCard.swift in Sources */ = {isa = PBXBuildFile; fileRef = 2222B432254CF434006A067C /* SmallDogCard.swift */; };
		222BBCB4253139D600FA19DD /* UserProfileView.swift in Sources */ = {isa = PBXBuildFile; fileRef = 222BBCB0253139D600FA19DD /* UserProfileView.swift */; };
		222BBCB5253139D600FA19DD /* HomeView.swift in Sources */ = {isa = PBXBuildFile; fileRef = 222BBCB1253139D600FA19DD /* HomeView.swift */; };
		222BBCB6253139D600FA19DD /* ChatView.swift in Sources */ = {isa = PBXBuildFile; fileRef = 222BBCB2253139D600FA19DD /* ChatView.swift */; };
		22501EAD252FAC4000A58C46 /* dog_tinderApp.swift in Sources */ = {isa = PBXBuildFile; fileRef = 22501EAC252FAC4000A58C46 /* dog_tinderApp.swift */; };
		22501EAF252FAC4000A58C46 /* ContentView.swift in Sources */ = {isa = PBXBuildFile; fileRef = 22501EAE252FAC4000A58C46 /* ContentView.swift */; };
		22501EB1252FAC4200A58C46 /* Assets.xcassets in Resources */ = {isa = PBXBuildFile; fileRef = 22501EB0252FAC4200A58C46 /* Assets.xcassets */; };
		22501EB4252FAC4200A58C46 /* Preview Assets.xcassets in Resources */ = {isa = PBXBuildFile; fileRef = 22501EB3252FAC4200A58C46 /* Preview Assets.xcassets */; };
		916015B625390033006B7309 /* Database.swift in Sources */ = {isa = PBXBuildFile; fileRef = 916015B525390033006B7309 /* Database.swift */; };
		916E134D2534356200D340A0 /* User.swift in Sources */ = {isa = PBXBuildFile; fileRef = 916E134C2534356200D340A0 /* User.swift */; };
		916E13502534359200D340A0 /* Dog.swift in Sources */ = {isa = PBXBuildFile; fileRef = 916E134F2534359200D340A0 /* Dog.swift */; };
		916E136025343C4400D340A0 /* dog_tinderTests.swift in Sources */ = {isa = PBXBuildFile; fileRef = 916E135F25343C4400D340A0 /* dog_tinderTests.swift */; };
		916E137225343CFE00D340A0 /* DogTests.swift in Sources */ = {isa = PBXBuildFile; fileRef = 916E137125343CFE00D340A0 /* DogTests.swift */; };
		916E137625343D1B00D340A0 /* UserTests.swift in Sources */ = {isa = PBXBuildFile; fileRef = 916E137525343D1B00D340A0 /* UserTests.swift */; };
/* End PBXBuildFile section */

/* Begin PBXContainerItemProxy section */
		916E136225343C4400D340A0 /* PBXContainerItemProxy */ = {
			isa = PBXContainerItemProxy;
			containerPortal = 22501EA1252FAC4000A58C46 /* Project object */;
			proxyType = 1;
			remoteGlobalIDString = 22501EA8252FAC4000A58C46;
			remoteInfo = "dog tinder";
		};
/* End PBXContainerItemProxy section */

/* Begin PBXFileReference section */
		2222B426254CF35B006A067C /* LargeDogCard.swift */ = {isa = PBXFileReference; lastKnownFileType = sourcecode.swift; path = LargeDogCard.swift; sourceTree = "<group>"; };
		2222B42A254CF3C0006A067C /* CardModifier.swift */ = {isa = PBXFileReference; lastKnownFileType = sourcecode.swift; path = CardModifier.swift; sourceTree = "<group>"; };
		2222B42E254CF3DC006A067C /* DetailedView.swift */ = {isa = PBXFileReference; lastKnownFileType = sourcecode.swift; path = DetailedView.swift; sourceTree = "<group>"; };
		2222B432254CF434006A067C /* SmallDogCard.swift */ = {isa = PBXFileReference; lastKnownFileType = sourcecode.swift; path = SmallDogCard.swift; sourceTree = "<group>"; };
		222BBCB0253139D600FA19DD /* UserProfileView.swift */ = {isa = PBXFileReference; fileEncoding = 4; lastKnownFileType = sourcecode.swift; name = UserProfileView.swift; path = "dog tinder/Views/UserProfileView.swift"; sourceTree = SOURCE_ROOT; };
		222BBCB1253139D600FA19DD /* HomeView.swift */ = {isa = PBXFileReference; fileEncoding = 4; lastKnownFileType = sourcecode.swift; name = HomeView.swift; path = "dog tinder/Views/HomeView.swift"; sourceTree = SOURCE_ROOT; };
		222BBCB2253139D600FA19DD /* ChatView.swift */ = {isa = PBXFileReference; fileEncoding = 4; lastKnownFileType = sourcecode.swift; name = ChatView.swift; path = "dog tinder/Views/ChatView.swift"; sourceTree = SOURCE_ROOT; };
		22501EA9252FAC4000A58C46 /* dog tinder.app */ = {isa = PBXFileReference; explicitFileType = wrapper.application; includeInIndex = 0; path = "dog tinder.app"; sourceTree = BUILT_PRODUCTS_DIR; };
		22501EAC252FAC4000A58C46 /* dog_tinderApp.swift */ = {isa = PBXFileReference; lastKnownFileType = sourcecode.swift; path = dog_tinderApp.swift; sourceTree = "<group>"; };
		22501EAE252FAC4000A58C46 /* ContentView.swift */ = {isa = PBXFileReference; lastKnownFileType = sourcecode.swift; name = ContentView.swift; path = "dog tinder/ContentView.swift"; sourceTree = SOURCE_ROOT; };
		22501EB0252FAC4200A58C46 /* Assets.xcassets */ = {isa = PBXFileReference; lastKnownFileType = folder.assetcatalog; path = Assets.xcassets; sourceTree = "<group>"; };
		22501EB3252FAC4200A58C46 /* Preview Assets.xcassets */ = {isa = PBXFileReference; lastKnownFileType = folder.assetcatalog; path = "Preview Assets.xcassets"; sourceTree = "<group>"; };
		22501EB5252FAC4200A58C46 /* Info.plist */ = {isa = PBXFileReference; lastKnownFileType = text.plist.xml; path = Info.plist; sourceTree = "<group>"; };
		916015B525390033006B7309 /* Database.swift */ = {isa = PBXFileReference; lastKnownFileType = sourcecode.swift; path = Database.swift; sourceTree = "<group>"; };
		916E134C2534356200D340A0 /* User.swift */ = {isa = PBXFileReference; lastKnownFileType = sourcecode.swift; path = User.swift; sourceTree = "<group>"; };
		916E134F2534359200D340A0 /* Dog.swift */ = {isa = PBXFileReference; lastKnownFileType = sourcecode.swift; path = Dog.swift; sourceTree = "<group>"; };
		916E135D25343C4400D340A0 /* DogTinderTests */ = {isa = PBXFileReference; explicitFileType = wrapper.cfbundle; includeInIndex = 0; name = DogTinderTests; path = "dog tinderTests.xctest"; sourceTree = BUILT_PRODUCTS_DIR; };
		916E135F25343C4400D340A0 /* dog_tinderTests.swift */ = {isa = PBXFileReference; lastKnownFileType = sourcecode.swift; path = dog_tinderTests.swift; sourceTree = "<group>"; };
		916E136125343C4400D340A0 /* Info.plist */ = {isa = PBXFileReference; lastKnownFileType = text.plist.xml; path = Info.plist; sourceTree = "<group>"; };
		916E137125343CFE00D340A0 /* DogTests.swift */ = {isa = PBXFileReference; lastKnownFileType = sourcecode.swift; path = DogTests.swift; sourceTree = "<group>"; };
		916E137525343D1B00D340A0 /* UserTests.swift */ = {isa = PBXFileReference; lastKnownFileType = sourcecode.swift; path = UserTests.swift; sourceTree = "<group>"; };
/* End PBXFileReference section */

/* Begin PBXFrameworksBuildPhase section */
		22501EA6252FAC4000A58C46 /* Frameworks */ = {
			isa = PBXFrameworksBuildPhase;
			buildActionMask = 2147483647;
			files = (
			);
			runOnlyForDeploymentPostprocessing = 0;
		};
		916E135A25343C4400D340A0 /* Frameworks */ = {
			isa = PBXFrameworksBuildPhase;
			buildActionMask = 2147483647;
			files = (
			);
			runOnlyForDeploymentPostprocessing = 0;
		};
/* End PBXFrameworksBuildPhase section */

/* Begin PBXGroup section */
		2222B436254CF5D4006A067C /* Cards */ = {
			isa = PBXGroup;
			children = (
				2222B432254CF434006A067C /* SmallDogCard.swift */,
				2222B426254CF35B006A067C /* LargeDogCard.swift */,
				2222B42E254CF3DC006A067C /* DetailedView.swift */,
				2222B42A254CF3C0006A067C /* CardModifier.swift */,
			);
			path = Cards;
			sourceTree = "<group>";
		};
		2222B437254CF609006A067C /* Views */ = {
			isa = PBXGroup;
			children = (
				222BBCB0253139D600FA19DD /* UserProfileView.swift */,
				222BBCB1253139D600FA19DD /* HomeView.swift */,
				222BBCB2253139D600FA19DD /* ChatView.swift */,
			);
			path = Views;
			sourceTree = "<group>";
		};
		2222B438254CF640006A067C /* Database */ = {
			isa = PBXGroup;
			children = (
				916E134F2534359200D340A0 /* Dog.swift */,
				916015B525390033006B7309 /* Database.swift */,
				916E134C2534356200D340A0 /* User.swift */,
			);
			path = Database;
			sourceTree = "<group>";
		};
		22501EA0252FAC4000A58C46 = {
			isa = PBXGroup;
			children = (
				22501EAB252FAC4000A58C46 /* dog tinder */,
				916E135E25343C4400D340A0 /* dog tinderTests */,
				22501EAA252FAC4000A58C46 /* Products */,
			);
			sourceTree = "<group>";
		};
		22501EAA252FAC4000A58C46 /* Products */ = {
			isa = PBXGroup;
			children = (
				22501EA9252FAC4000A58C46 /* dog tinder.app */,
				916E135D25343C4400D340A0 /* DogTinderTests */,
			);
			name = Products;
			sourceTree = "<group>";
		};
		22501EAB252FAC4000A58C46 /* dog tinder */ = {
			isa = PBXGroup;
			children = (
				22501EAE252FAC4000A58C46 /* ContentView.swift */,
				22501EAC252FAC4000A58C46 /* dog_tinderApp.swift */,
				2222B437254CF609006A067C /* Views */,
				2222B436254CF5D4006A067C /* Cards */,
				2222B438254CF640006A067C /* Database */,
				22501EB0252FAC4200A58C46 /* Assets.xcassets */,
				22501EB5252FAC4200A58C46 /* Info.plist */,
				22501EB2252FAC4200A58C46 /* Preview Content */,
			);
			path = "dog tinder";
			sourceTree = "<group>";
		};
		22501EB2252FAC4200A58C46 /* Preview Content */ = {
			isa = PBXGroup;
			children = (
				22501EB3252FAC4200A58C46 /* Preview Assets.xcassets */,
			);
			path = "Preview Content";
			sourceTree = "<group>";
		};
		916E135E25343C4400D340A0 /* dog tinderTests */ = {
			isa = PBXGroup;
			children = (
				916E135F25343C4400D340A0 /* dog_tinderTests.swift */,
				916E136125343C4400D340A0 /* Info.plist */,
				916E137125343CFE00D340A0 /* DogTests.swift */,
				916E137525343D1B00D340A0 /* UserTests.swift */,
			);
			path = "dog tinderTests";
			sourceTree = "<group>";
		};
/* End PBXGroup section */

/* Begin PBXNativeTarget section */
		22501EA8252FAC4000A58C46 /* dog tinder */ = {
			isa = PBXNativeTarget;
			buildConfigurationList = 22501EB8252FAC4200A58C46 /* Build configuration list for PBXNativeTarget "dog tinder" */;
			buildPhases = (
				22501EA5252FAC4000A58C46 /* Sources */,
				22501EA6252FAC4000A58C46 /* Frameworks */,
				22501EA7252FAC4000A58C46 /* Resources */,
			);
			buildRules = (
			);
			dependencies = (
			);
			name = "dog tinder";
			productName = "dog tinder";
			productReference = 22501EA9252FAC4000A58C46 /* dog tinder.app */;
			productType = "com.apple.product-type.application";
		};
		916E135C25343C4400D340A0 /* dog tinderTests */ = {
			isa = PBXNativeTarget;
			buildConfigurationList = 916E136425343C4400D340A0 /* Build configuration list for PBXNativeTarget "dog tinderTests" */;
			buildPhases = (
				916E135925343C4400D340A0 /* Sources */,
				916E135A25343C4400D340A0 /* Frameworks */,
				916E135B25343C4400D340A0 /* Resources */,
			);
			buildRules = (
			);
			dependencies = (
				916E136325343C4400D340A0 /* PBXTargetDependency */,
			);
			name = "dog tinderTests";
			productName = "dog tinderTests";
			productReference = 916E135D25343C4400D340A0 /* DogTinderTests */;
			productType = "com.apple.product-type.bundle.unit-test";
		};
/* End PBXNativeTarget section */

/* Begin PBXProject section */
		22501EA1252FAC4000A58C46 /* Project object */ = {
			isa = PBXProject;
			attributes = {
				LastSwiftUpdateCheck = 1200;
				LastUpgradeCheck = 1200;
				TargetAttributes = {
					22501EA8252FAC4000A58C46 = {
						CreatedOnToolsVersion = 12.0.1;
					};
					916E135C25343C4400D340A0 = {
						CreatedOnToolsVersion = 12.0.1;
						TestTargetID = 22501EA8252FAC4000A58C46;
					};
				};
			};
			buildConfigurationList = 22501EA4252FAC4000A58C46 /* Build configuration list for PBXProject "dog tinder" */;
			compatibilityVersion = "Xcode 9.3";
			developmentRegion = en;
			hasScannedForEncodings = 0;
			knownRegions = (
				en,
				Base,
			);
			mainGroup = 22501EA0252FAC4000A58C46;
			productRefGroup = 22501EAA252FAC4000A58C46 /* Products */;
			projectDirPath = "";
			projectRoot = "";
			targets = (
				22501EA8252FAC4000A58C46 /* dog tinder */,
				916E135C25343C4400D340A0 /* dog tinderTests */,
			);
		};
/* End PBXProject section */

/* Begin PBXResourcesBuildPhase section */
		22501EA7252FAC4000A58C46 /* Resources */ = {
			isa = PBXResourcesBuildPhase;
			buildActionMask = 2147483647;
			files = (
				22501EB4252FAC4200A58C46 /* Preview Assets.xcassets in Resources */,
				22501EB1252FAC4200A58C46 /* Assets.xcassets in Resources */,
			);
			runOnlyForDeploymentPostprocessing = 0;
		};
		916E135B25343C4400D340A0 /* Resources */ = {
			isa = PBXResourcesBuildPhase;
			buildActionMask = 2147483647;
			files = (
			);
			runOnlyForDeploymentPostprocessing = 0;
		};
/* End PBXResourcesBuildPhase section */

/* Begin PBXSourcesBuildPhase section */
		22501EA5252FAC4000A58C46 /* Sources */ = {
			isa = PBXSourcesBuildPhase;
			buildActionMask = 2147483647;
			files = (
				22501EAF252FAC4000A58C46 /* ContentView.swift in Sources */,
				916E13502534359200D340A0 /* Dog.swift in Sources */,
				22501EAD252FAC4000A58C46 /* dog_tinderApp.swift in Sources */,
				2222B42F254CF3DC006A067C /* DetailedView.swift in Sources */,
				2222B427254CF35B006A067C /* LargeDogCard.swift in Sources */,
				916E134D2534356200D340A0 /* User.swift in Sources */,
				2222B433254CF434006A067C /* SmallDogCard.swift in Sources */,
				222BBCB5253139D600FA19DD /* HomeView.swift in Sources */,
				2222B42B254CF3C0006A067C /* CardModifier.swift in Sources */,
				222BBCB6253139D600FA19DD /* ChatView.swift in Sources */,
				916015B625390033006B7309 /* Database.swift in Sources */,
				222BBCB4253139D600FA19DD /* UserProfileView.swift in Sources */,
			);
			runOnlyForDeploymentPostprocessing = 0;
		};
		916E135925343C4400D340A0 /* Sources */ = {
			isa = PBXSourcesBuildPhase;
			buildActionMask = 2147483647;
			files = (
				916E137625343D1B00D340A0 /* UserTests.swift in Sources */,
				916E137225343CFE00D340A0 /* DogTests.swift in Sources */,
				916E136025343C4400D340A0 /* dog_tinderTests.swift in Sources */,
			);
			runOnlyForDeploymentPostprocessing = 0;
		};
/* End PBXSourcesBuildPhase section */

/* Begin PBXTargetDependency section */
		916E136325343C4400D340A0 /* PBXTargetDependency */ = {
			isa = PBXTargetDependency;
			target = 22501EA8252FAC4000A58C46 /* dog tinder */;
			targetProxy = 916E136225343C4400D340A0 /* PBXContainerItemProxy */;
		};
/* End PBXTargetDependency section */

/* Begin XCBuildConfiguration section */
		22501EB6252FAC4200A58C46 /* Debug */ = {
			isa = XCBuildConfiguration;
			buildSettings = {
				ALWAYS_SEARCH_USER_PATHS = NO;
				CLANG_ANALYZER_NONNULL = YES;
				CLANG_ANALYZER_NUMBER_OBJECT_CONVERSION = YES_AGGRESSIVE;
				CLANG_CXX_LANGUAGE_STANDARD = "gnu++14";
				CLANG_CXX_LIBRARY = "libc++";
				CLANG_ENABLE_MODULES = YES;
				CLANG_ENABLE_OBJC_ARC = YES;
				CLANG_ENABLE_OBJC_WEAK = YES;
				CLANG_WARN_BLOCK_CAPTURE_AUTORELEASING = YES;
				CLANG_WARN_BOOL_CONVERSION = YES;
				CLANG_WARN_COMMA = YES;
				CLANG_WARN_CONSTANT_CONVERSION = YES;
				CLANG_WARN_DEPRECATED_OBJC_IMPLEMENTATIONS = YES;
				CLANG_WARN_DIRECT_OBJC_ISA_USAGE = YES_ERROR;
				CLANG_WARN_DOCUMENTATION_COMMENTS = YES;
				CLANG_WARN_EMPTY_BODY = YES;
				CLANG_WARN_ENUM_CONVERSION = YES;
				CLANG_WARN_INFINITE_RECURSION = YES;
				CLANG_WARN_INT_CONVERSION = YES;
				CLANG_WARN_NON_LITERAL_NULL_CONVERSION = YES;
				CLANG_WARN_OBJC_IMPLICIT_RETAIN_SELF = YES;
				CLANG_WARN_OBJC_LITERAL_CONVERSION = YES;
				CLANG_WARN_OBJC_ROOT_CLASS = YES_ERROR;
				CLANG_WARN_QUOTED_INCLUDE_IN_FRAMEWORK_HEADER = YES;
				CLANG_WARN_RANGE_LOOP_ANALYSIS = YES;
				CLANG_WARN_STRICT_PROTOTYPES = YES;
				CLANG_WARN_SUSPICIOUS_MOVE = YES;
				CLANG_WARN_UNGUARDED_AVAILABILITY = YES_AGGRESSIVE;
				CLANG_WARN_UNREACHABLE_CODE = YES;
				CLANG_WARN__DUPLICATE_METHOD_MATCH = YES;
				COPY_PHASE_STRIP = NO;
				DEBUG_INFORMATION_FORMAT = dwarf;
				ENABLE_STRICT_OBJC_MSGSEND = YES;
				ENABLE_TESTABILITY = YES;
				GCC_C_LANGUAGE_STANDARD = gnu11;
				GCC_DYNAMIC_NO_PIC = NO;
				GCC_NO_COMMON_BLOCKS = YES;
				GCC_OPTIMIZATION_LEVEL = 0;
				GCC_PREPROCESSOR_DEFINITIONS = (
					"DEBUG=1",
					"$(inherited)",
				);
				GCC_WARN_64_TO_32_BIT_CONVERSION = YES;
				GCC_WARN_ABOUT_RETURN_TYPE = YES_ERROR;
				GCC_WARN_UNDECLARED_SELECTOR = YES;
				GCC_WARN_UNINITIALIZED_AUTOS = YES_AGGRESSIVE;
				GCC_WARN_UNUSED_FUNCTION = YES;
				GCC_WARN_UNUSED_VARIABLE = YES;
				IPHONEOS_DEPLOYMENT_TARGET = 14.0;
				MTL_ENABLE_DEBUG_INFO = INCLUDE_SOURCE;
				MTL_FAST_MATH = YES;
				ONLY_ACTIVE_ARCH = YES;
				SDKROOT = iphoneos;
				SWIFT_ACTIVE_COMPILATION_CONDITIONS = DEBUG;
				SWIFT_OPTIMIZATION_LEVEL = "-Onone";
			};
			name = Debug;
		};
		22501EB7252FAC4200A58C46 /* Release */ = {
			isa = XCBuildConfiguration;
			buildSettings = {
				ALWAYS_SEARCH_USER_PATHS = NO;
				CLANG_ANALYZER_NONNULL = YES;
				CLANG_ANALYZER_NUMBER_OBJECT_CONVERSION = YES_AGGRESSIVE;
				CLANG_CXX_LANGUAGE_STANDARD = "gnu++14";
				CLANG_CXX_LIBRARY = "libc++";
				CLANG_ENABLE_MODULES = YES;
				CLANG_ENABLE_OBJC_ARC = YES;
				CLANG_ENABLE_OBJC_WEAK = YES;
				CLANG_WARN_BLOCK_CAPTURE_AUTORELEASING = YES;
				CLANG_WARN_BOOL_CONVERSION = YES;
				CLANG_WARN_COMMA = YES;
				CLANG_WARN_CONSTANT_CONVERSION = YES;
				CLANG_WARN_DEPRECATED_OBJC_IMPLEMENTATIONS = YES;
				CLANG_WARN_DIRECT_OBJC_ISA_USAGE = YES_ERROR;
				CLANG_WARN_DOCUMENTATION_COMMENTS = YES;
				CLANG_WARN_EMPTY_BODY = YES;
				CLANG_WARN_ENUM_CONVERSION = YES;
				CLANG_WARN_INFINITE_RECURSION = YES;
				CLANG_WARN_INT_CONVERSION = YES;
				CLANG_WARN_NON_LITERAL_NULL_CONVERSION = YES;
				CLANG_WARN_OBJC_IMPLICIT_RETAIN_SELF = YES;
				CLANG_WARN_OBJC_LITERAL_CONVERSION = YES;
				CLANG_WARN_OBJC_ROOT_CLASS = YES_ERROR;
				CLANG_WARN_QUOTED_INCLUDE_IN_FRAMEWORK_HEADER = YES;
				CLANG_WARN_RANGE_LOOP_ANALYSIS = YES;
				CLANG_WARN_STRICT_PROTOTYPES = YES;
				CLANG_WARN_SUSPICIOUS_MOVE = YES;
				CLANG_WARN_UNGUARDED_AVAILABILITY = YES_AGGRESSIVE;
				CLANG_WARN_UNREACHABLE_CODE = YES;
				CLANG_WARN__DUPLICATE_METHOD_MATCH = YES;
				COPY_PHASE_STRIP = NO;
				DEBUG_INFORMATION_FORMAT = "dwarf-with-dsym";
				ENABLE_NS_ASSERTIONS = NO;
				ENABLE_STRICT_OBJC_MSGSEND = YES;
				GCC_C_LANGUAGE_STANDARD = gnu11;
				GCC_NO_COMMON_BLOCKS = YES;
				GCC_WARN_64_TO_32_BIT_CONVERSION = YES;
				GCC_WARN_ABOUT_RETURN_TYPE = YES_ERROR;
				GCC_WARN_UNDECLARED_SELECTOR = YES;
				GCC_WARN_UNINITIALIZED_AUTOS = YES_AGGRESSIVE;
				GCC_WARN_UNUSED_FUNCTION = YES;
				GCC_WARN_UNUSED_VARIABLE = YES;
				IPHONEOS_DEPLOYMENT_TARGET = 14.0;
				MTL_ENABLE_DEBUG_INFO = NO;
				MTL_FAST_MATH = YES;
				SDKROOT = iphoneos;
				SWIFT_COMPILATION_MODE = wholemodule;
				SWIFT_OPTIMIZATION_LEVEL = "-O";
				VALIDATE_PRODUCT = YES;
			};
			name = Release;
		};
		22501EB9252FAC4200A58C46 /* Debug */ = {
			isa = XCBuildConfiguration;
			buildSettings = {
				ASSETCATALOG_COMPILER_APPICON_NAME = AppIcon;
				ASSETCATALOG_COMPILER_GLOBAL_ACCENT_COLOR_NAME = AccentColor;
				CODE_SIGN_STYLE = Automatic;
				DEVELOPMENT_ASSET_PATHS = "\"dog tinder/Preview Content\"";
				DEVELOPMENT_TEAM = ULQSMTMH47;
				ENABLE_PREVIEWS = YES;
				INFOPLIST_FILE = "dog tinder/Info.plist";
				IPHONEOS_DEPLOYMENT_TARGET = 14.0;
				LD_RUNPATH_SEARCH_PATHS = (
					"$(inherited)",
					"@executable_path/Frameworks",
				);
				PRODUCT_BUNDLE_IDENTIFIER = Dog.demo;
				PRODUCT_NAME = "$(TARGET_NAME)";
				SWIFT_VERSION = 5.0;
				TARGETED_DEVICE_FAMILY = "1,2";
			};
			name = Debug;
		};
		22501EBA252FAC4200A58C46 /* Release */ = {
			isa = XCBuildConfiguration;
			buildSettings = {
				ASSETCATALOG_COMPILER_APPICON_NAME = AppIcon;
				ASSETCATALOG_COMPILER_GLOBAL_ACCENT_COLOR_NAME = AccentColor;
				CODE_SIGN_STYLE = Automatic;
				DEVELOPMENT_ASSET_PATHS = "\"dog tinder/Preview Content\"";
				DEVELOPMENT_TEAM = ULQSMTMH47;
				ENABLE_PREVIEWS = YES;
				INFOPLIST_FILE = "dog tinder/Info.plist";
				IPHONEOS_DEPLOYMENT_TARGET = 14.0;
				LD_RUNPATH_SEARCH_PATHS = (
					"$(inherited)",
					"@executable_path/Frameworks",
				);
				PRODUCT_BUNDLE_IDENTIFIER = Dog.demo;
				PRODUCT_NAME = "$(TARGET_NAME)";
				SWIFT_VERSION = 5.0;
				TARGETED_DEVICE_FAMILY = "1,2";
			};
			name = Release;
		};
		916E136525343C4400D340A0 /* Debug */ = {
			isa = XCBuildConfiguration;
			buildSettings = {
				BUNDLE_LOADER = "$(TEST_HOST)";
				CODE_SIGN_STYLE = Automatic;
				INFOPLIST_FILE = "dog tinderTests/Info.plist";
				LD_RUNPATH_SEARCH_PATHS = (
					"$(inherited)",
					"@executable_path/Frameworks",
					"@loader_path/Frameworks",
				);
				PRODUCT_BUNDLE_IDENTIFIER = "Learning-xcode.dog-tinderTests";
				PRODUCT_NAME = "$(TARGET_NAME)";
				SWIFT_VERSION = 5.0;
				TARGETED_DEVICE_FAMILY = "1,2";
				TEST_HOST = "$(BUILT_PRODUCTS_DIR)/dog tinder.app/dog tinder";
			};
			name = Debug;
		};
		916E136625343C4400D340A0 /* Release */ = {
			isa = XCBuildConfiguration;
			buildSettings = {
				BUNDLE_LOADER = "$(TEST_HOST)";
				CODE_SIGN_STYLE = Automatic;
				INFOPLIST_FILE = "dog tinderTests/Info.plist";
				LD_RUNPATH_SEARCH_PATHS = (
					"$(inherited)",
					"@executable_path/Frameworks",
					"@loader_path/Frameworks",
				);
				PRODUCT_BUNDLE_IDENTIFIER = "Learning-xcode.dog-tinderTests";
				PRODUCT_NAME = "$(TARGET_NAME)";
				SWIFT_VERSION = 5.0;
				TARGETED_DEVICE_FAMILY = "1,2";
				TEST_HOST = "$(BUILT_PRODUCTS_DIR)/dog tinder.app/dog tinder";
			};
			name = Release;
		};
/* End XCBuildConfiguration section */

/* Begin XCConfigurationList section */
		22501EA4252FAC4000A58C46 /* Build configuration list for PBXProject "dog tinder" */ = {
			isa = XCConfigurationList;
			buildConfigurations = (
				22501EB6252FAC4200A58C46 /* Debug */,
				22501EB7252FAC4200A58C46 /* Release */,
			);
			defaultConfigurationIsVisible = 0;
			defaultConfigurationName = Release;
		};
		22501EB8252FAC4200A58C46 /* Build configuration list for PBXNativeTarget "dog tinder" */ = {
			isa = XCConfigurationList;
			buildConfigurations = (
				22501EB9252FAC4200A58C46 /* Debug */,
				22501EBA252FAC4200A58C46 /* Release */,
			);
			defaultConfigurationIsVisible = 0;
			defaultConfigurationName = Release;
		};
		916E136425343C4400D340A0 /* Build configuration list for PBXNativeTarget "dog tinderTests" */ = {
			isa = XCConfigurationList;
			buildConfigurations = (
				916E136525343C4400D340A0 /* Debug */,
				916E136625343C4400D340A0 /* Release */,
			);
			defaultConfigurationIsVisible = 0;
			defaultConfigurationName = Release;
		};
/* End XCConfigurationList section */
	};
	rootObject = 22501EA1252FAC4000A58C46 /* Project object */;
}
